
Microsoft Visual Studio Solution File, Format Version 12.00
# Visual Studio Version 17
VisualStudioVersion = 17.4.33205.214
MinimumVisualStudioVersion = 10.0.40219.1
Project("{FAE04EC0-301F-11D3-BF4B-00C04F79EFBC}") = "RegexUserRegistration", "RegexUserRegistration\RegexUserRegistration.csproj", "{5309CF77-F7C9-489C-92EF-F88F18F9C02C}"
EndProject
Project("{FAE04EC0-301F-11D3-BF4B-00C04F79EFBC}") = "TestUserRegex", "TestUserRegex\TestUserRegex.csproj", "{D20830D0-E00A-40F3-9E84-C05A7762198E}"
EndProject
Global
	GlobalSection(SolutionConfigurationPlatforms) = preSolution
		Debug|Any CPU = Debug|Any CPU
		Release|Any CPU = Release|Any CPU
	EndGlobalSection
	GlobalSection(ProjectConfigurationPlatforms) = postSolution
		{5309CF77-F7C9-489C-92EF-F88F18F9C02C}.Debug|Any CPU.ActiveCfg = Debug|Any CPU
		{5309CF77-F7C9-489C-92EF-F88F18F9C02C}.Debug|Any CPU.Build.0 = Debug|Any CPU
		{5309CF77-F7C9-489C-92EF-F88F18F9C02C}.Release|Any CPU.ActiveCfg = Release|Any CPU
		{5309CF77-F7C9-489C-92EF-F88F18F9C02C}.Release|Any CPU.Build.0 = Release|Any CPU
		{D20830D0-E00A-40F3-9E84-C05A7762198E}.Debug|Any CPU.ActiveCfg = Debug|Any CPU
		{D20830D0-E00A-40F3-9E84-C05A7762198E}.Debug|Any CPU.Build.0 = Debug|Any CPU
		{D20830D0-E00A-40F3-9E84-C05A7762198E}.Release|Any CPU.ActiveCfg = Release|Any CPU
		{D20830D0-E00A-40F3-9E84-C05A7762198E}.Release|Any CPU.Build.0 = Release|Any CPU
	EndGlobalSection
	GlobalSection(SolutionProperties) = preSolution
		HideSolutionNode = FALSE
	EndGlobalSection
	GlobalSection(ExtensibilityGlobals) = postSolution
		SolutionGuid = {C0D3F9B4-C5C8-4B75-94C7-48582989880A}
	EndGlobalSection
EndGlobal
